
Microsoft Visual Studio Solution File, Format Version 12.00
Project("{FAE04EC0-301F-11D3-BF4B-00C04F79EFBC}") = "Sparky", "Sparky\Sparky.csproj", "{A87AA1D7-F209-4FFF-AFAE-3DD36B81EC56}"
EndProject
Project("{FAE04EC0-301F-11D3-BF4B-00C04F79EFBC}") = "SparkyMSTest", "SparkyMSTest\SparkyMSTest.csproj", "{87B8AB5E-1051-4B5A-B92E-0469B4AB356B}"
EndProject
Project("{FAE04EC0-301F-11D3-BF4B-00C04F79EFBC}") = "SparkyNUnitTest", "SparkyNUnitTest\SparkyNUnitTest.csproj", "{7BBE3D04-E4EF-4EDD-9028-32F5BAC62E14}"
EndProject
Project("{FAE04EC0-301F-11D3-BF4B-00C04F79EFBC}") = "SparkyXUnitTest", "SparkyXUnitTest\SparkyXUnitTest.csproj", "{D43487E5-376C-4D45-ABAA-0618347005CD}"
EndProject
Project("{2150E333-8FDC-42A3-9474-1A3956D46DE8}") = "BasicFoundation", "BasicFoundation", "{E231CA56-B744-4D79-AF29-E9D22B86E928}"
EndProject
Project("{2150E333-8FDC-42A3-9474-1A3956D46DE8}") = "BongoWeb", "BongoWeb", "{E445052C-B0FC-439D-B5E2-92DB840A143B}"
EndProject
Project("{FAE04EC0-301F-11D3-BF4B-00C04F79EFBC}") = "Bongo.Core", "Bongo_InitialSetup (.NET 6)\Bongo.Core\Bongo.Core.csproj", "{23DC47EA-7697-451D-9760-318C52139B28}"
EndProject
Project("{FAE04EC0-301F-11D3-BF4B-00C04F79EFBC}") = "Bongo.DataAccess", "Bongo_InitialSetup (.NET 6)\Bongo.DataAccess\Bongo.DataAccess.csproj", "{FF431664-A36C-4EB9-9F9D-23E31845525D}"
EndProject
Project("{FAE04EC0-301F-11D3-BF4B-00C04F79EFBC}") = "Bongo.Models", "Bongo_InitialSetup (.NET 6)\Bongo.Models\Bongo.Models.csproj", "{E402C04F-7693-487B-BD3B-6F0DD2225314}"
EndProject
Project("{FAE04EC0-301F-11D3-BF4B-00C04F79EFBC}") = "Bongo.Web", "Bongo_InitialSetup (.NET 6)\Bongo.Web\Bongo.Web.csproj", "{56B7DC51-0541-44F2-BC9C-C0F4B6918998}"
EndProject
Project("{FAE04EC0-301F-11D3-BF4B-00C04F79EFBC}") = "Bongo.Models.Tests", "Bongo.Models.Tests\Bongo.Models.Tests.csproj", "{619F92F1-5459-4B20-B911-67A18DA6DA1C}"
EndProject
Global
	GlobalSection(SolutionConfigurationPlatforms) = preSolution
		Debug|Any CPU = Debug|Any CPU
		Release|Any CPU = Release|Any CPU
	EndGlobalSection
	GlobalSection(ProjectConfigurationPlatforms) = postSolution
		{A87AA1D7-F209-4FFF-AFAE-3DD36B81EC56}.Debug|Any CPU.ActiveCfg = Debug|Any CPU
		{A87AA1D7-F209-4FFF-AFAE-3DD36B81EC56}.Debug|Any CPU.Build.0 = Debug|Any CPU
		{A87AA1D7-F209-4FFF-AFAE-3DD36B81EC56}.Release|Any CPU.ActiveCfg = Release|Any CPU
		{A87AA1D7-F209-4FFF-AFAE-3DD36B81EC56}.Release|Any CPU.Build.0 = Release|Any CPU
		{87B8AB5E-1051-4B5A-B92E-0469B4AB356B}.Debug|Any CPU.ActiveCfg = Debug|Any CPU
		{87B8AB5E-1051-4B5A-B92E-0469B4AB356B}.Debug|Any CPU.Build.0 = Debug|Any CPU
		{87B8AB5E-1051-4B5A-B92E-0469B4AB356B}.Release|Any CPU.ActiveCfg = Release|Any CPU
		{87B8AB5E-1051-4B5A-B92E-0469B4AB356B}.Release|Any CPU.Build.0 = Release|Any CPU
		{7BBE3D04-E4EF-4EDD-9028-32F5BAC62E14}.Debug|Any CPU.ActiveCfg = Debug|Any CPU
		{7BBE3D04-E4EF-4EDD-9028-32F5BAC62E14}.Debug|Any CPU.Build.0 = Debug|Any CPU
		{7BBE3D04-E4EF-4EDD-9028-32F5BAC62E14}.Release|Any CPU.ActiveCfg = Release|Any CPU
		{7BBE3D04-E4EF-4EDD-9028-32F5BAC62E14}.Release|Any CPU.Build.0 = Release|Any CPU
		{D43487E5-376C-4D45-ABAA-0618347005CD}.Debug|Any CPU.ActiveCfg = Debug|Any CPU
		{D43487E5-376C-4D45-ABAA-0618347005CD}.Debug|Any CPU.Build.0 = Debug|Any CPU
		{D43487E5-376C-4D45-ABAA-0618347005CD}.Release|Any CPU.ActiveCfg = Release|Any CPU
		{D43487E5-376C-4D45-ABAA-0618347005CD}.Release|Any CPU.Build.0 = Release|Any CPU
		{23DC47EA-7697-451D-9760-318C52139B28}.Debug|Any CPU.ActiveCfg = Debug|Any CPU
		{23DC47EA-7697-451D-9760-318C52139B28}.Debug|Any CPU.Build.0 = Debug|Any CPU
		{23DC47EA-7697-451D-9760-318C52139B28}.Release|Any CPU.ActiveCfg = Release|Any CPU
		{23DC47EA-7697-451D-9760-318C52139B28}.Release|Any CPU.Build.0 = Release|Any CPU
		{FF431664-A36C-4EB9-9F9D-23E31845525D}.Debug|Any CPU.ActiveCfg = Debug|Any CPU
		{FF431664-A36C-4EB9-9F9D-23E31845525D}.Debug|Any CPU.Build.0 = Debug|Any CPU
		{FF431664-A36C-4EB9-9F9D-23E31845525D}.Release|Any CPU.ActiveCfg = Release|Any CPU
		{FF431664-A36C-4EB9-9F9D-23E31845525D}.Release|Any CPU.Build.0 = Release|Any CPU
		{E402C04F-7693-487B-BD3B-6F0DD2225314}.Debug|Any CPU.ActiveCfg = Debug|Any CPU
		{E402C04F-7693-487B-BD3B-6F0DD2225314}.Debug|Any CPU.Build.0 = Debug|Any CPU
		{E402C04F-7693-487B-BD3B-6F0DD2225314}.Release|Any CPU.ActiveCfg = Release|Any CPU
		{E402C04F-7693-487B-BD3B-6F0DD2225314}.Release|Any CPU.Build.0 = Release|Any CPU
		{56B7DC51-0541-44F2-BC9C-C0F4B6918998}.Debug|Any CPU.ActiveCfg = Debug|Any CPU
		{56B7DC51-0541-44F2-BC9C-C0F4B6918998}.Debug|Any CPU.Build.0 = Debug|Any CPU
		{56B7DC51-0541-44F2-BC9C-C0F4B6918998}.Release|Any CPU.ActiveCfg = Release|Any CPU
		{56B7DC51-0541-44F2-BC9C-C0F4B6918998}.Release|Any CPU.Build.0 = Release|Any CPU
		{619F92F1-5459-4B20-B911-67A18DA6DA1C}.Debug|Any CPU.ActiveCfg = Debug|Any CPU
		{619F92F1-5459-4B20-B911-67A18DA6DA1C}.Debug|Any CPU.Build.0 = Debug|Any CPU
		{619F92F1-5459-4B20-B911-67A18DA6DA1C}.Release|Any CPU.ActiveCfg = Release|Any CPU
		{619F92F1-5459-4B20-B911-67A18DA6DA1C}.Release|Any CPU.Build.0 = Release|Any CPU
	EndGlobalSection
	GlobalSection(NestedProjects) = preSolution
		{A87AA1D7-F209-4FFF-AFAE-3DD36B81EC56} = {E231CA56-B744-4D79-AF29-E9D22B86E928}
		{87B8AB5E-1051-4B5A-B92E-0469B4AB356B} = {E231CA56-B744-4D79-AF29-E9D22B86E928}
		{D43487E5-376C-4D45-ABAA-0618347005CD} = {E231CA56-B744-4D79-AF29-E9D22B86E928}
		{7BBE3D04-E4EF-4EDD-9028-32F5BAC62E14} = {E231CA56-B744-4D79-AF29-E9D22B86E928}
		{23DC47EA-7697-451D-9760-318C52139B28} = {E445052C-B0FC-439D-B5E2-92DB840A143B}
		{FF431664-A36C-4EB9-9F9D-23E31845525D} = {E445052C-B0FC-439D-B5E2-92DB840A143B}
		{E402C04F-7693-487B-BD3B-6F0DD2225314} = {E445052C-B0FC-439D-B5E2-92DB840A143B}
		{56B7DC51-0541-44F2-BC9C-C0F4B6918998} = {E445052C-B0FC-439D-B5E2-92DB840A143B}
		{619F92F1-5459-4B20-B911-67A18DA6DA1C} = {E445052C-B0FC-439D-B5E2-92DB840A143B}
	EndGlobalSection
EndGlobal
